// !$*UTF8*$!
{
	archiveVersion = 1;
	classes = {
	};
	objectVersion = 55;
	objects = {

/* Begin PBXBuildFile section */
		43F579FDBCE523B84E56C742 /* Pods_helloRxSwiftTests.framework in Frameworks */ = {isa = PBXBuildFile; fileRef = EBF43E8DCFB0C4E32318077B /* Pods_helloRxSwiftTests.framework */; };
		5537E8EAD2F2981A749AF42B /* Pods_helloRxSwift.framework in Frameworks */ = {isa = PBXBuildFile; fileRef = FCE977F251AD43B7752035B9 /* Pods_helloRxSwift.framework */; };
		8CCC53AAEDE2DA7A9B8E3552 /* Pods_helloRxSwift_helloRxSwiftUITests.framework in Frameworks */ = {isa = PBXBuildFile; fileRef = 7D05AB35AC15CCAAC279D56F /* Pods_helloRxSwift_helloRxSwiftUITests.framework */; };
		DD6F1E092745623700B90E04 /* AppDelegate.swift in Sources */ = {isa = PBXBuildFile; fileRef = DD6F1E082745623700B90E04 /* AppDelegate.swift */; };
		DD6F1E0B2745623700B90E04 /* SceneDelegate.swift in Sources */ = {isa = PBXBuildFile; fileRef = DD6F1E0A2745623700B90E04 /* SceneDelegate.swift */; };
		DD6F1E0D2745623700B90E04 /* ViewController.swift in Sources */ = {isa = PBXBuildFile; fileRef = DD6F1E0C2745623700B90E04 /* ViewController.swift */; };
		DD6F1E102745623700B90E04 /* Main.storyboard in Resources */ = {isa = PBXBuildFile; fileRef = DD6F1E0E2745623700B90E04 /* Main.storyboard */; };
		DD6F1E122745623900B90E04 /* Assets.xcassets in Resources */ = {isa = PBXBuildFile; fileRef = DD6F1E112745623900B90E04 /* Assets.xcassets */; };
		DD6F1E152745623900B90E04 /* LaunchScreen.storyboard in Resources */ = {isa = PBXBuildFile; fileRef = DD6F1E132745623900B90E04 /* LaunchScreen.storyboard */; };
		DD6F1E202745623A00B90E04 /* helloRxSwiftTests.swift in Sources */ = {isa = PBXBuildFile; fileRef = DD6F1E1F2745623A00B90E04 /* helloRxSwiftTests.swift */; };
		DD6F1E2A2745623A00B90E04 /* helloRxSwiftUITests.swift in Sources */ = {isa = PBXBuildFile; fileRef = DD6F1E292745623A00B90E04 /* helloRxSwiftUITests.swift */; };
/* End PBXBuildFile section */

/* Begin PBXContainerItemProxy section */
		DD6F1E1C2745623A00B90E04 /* PBXContainerItemProxy */ = {
			isa = PBXContainerItemProxy;
			containerPortal = DD6F1DFD2745623700B90E04 /* Project object */;
			proxyType = 1;
			remoteGlobalIDString = DD6F1E042745623700B90E04;
			remoteInfo = helloRxSwift;
		};
		DD6F1E262745623A00B90E04 /* PBXContainerItemProxy */ = {
			isa = PBXContainerItemProxy;
			containerPortal = DD6F1DFD2745623700B90E04 /* Project object */;
			proxyType = 1;
			remoteGlobalIDString = DD6F1E042745623700B90E04;
			remoteInfo = helloRxSwift;
		};
/* End PBXContainerItemProxy section */

/* Begin PBXFileReference section */
		0F44F3D41D08C4F60864CEE8 /* Pods-helloRxSwiftTests.debug.xcconfig */ = {isa = PBXFileReference; includeInIndex = 1; lastKnownFileType = text.xcconfig; name = "Pods-helloRxSwiftTests.debug.xcconfig"; path = "Target Support Files/Pods-helloRxSwiftTests/Pods-helloRxSwiftTests.debug.xcconfig"; sourceTree = "<group>"; };
		7D05AB35AC15CCAAC279D56F /* Pods_helloRxSwift_helloRxSwiftUITests.framework */ = {isa = PBXFileReference; explicitFileType = wrapper.framework; includeInIndex = 0; path = Pods_helloRxSwift_helloRxSwiftUITests.framework; sourceTree = BUILT_PRODUCTS_DIR; };
		B1B4B19983987FB894A77FD7 /* Pods-helloRxSwift-helloRxSwiftUITests.debug.xcconfig */ = {isa = PBXFileReference; includeInIndex = 1; lastKnownFileType = text.xcconfig; name = "Pods-helloRxSwift-helloRxSwiftUITests.debug.xcconfig"; path = "Target Support Files/Pods-helloRxSwift-helloRxSwiftUITests/Pods-helloRxSwift-helloRxSwiftUITests.debug.xcconfig"; sourceTree = "<group>"; };
		C73F29AB9F5735D89ECB0D6C /* Pods-helloRxSwiftTests.release.xcconfig */ = {isa = PBXFileReference; includeInIndex = 1; lastKnownFileType = text.xcconfig; name = "Pods-helloRxSwiftTests.release.xcconfig"; path = "Target Support Files/Pods-helloRxSwiftTests/Pods-helloRxSwiftTests.release.xcconfig"; sourceTree = "<group>"; };
		DCA85190ABD11725CAA0ED39 /* Pods-helloRxSwift.debug.xcconfig */ = {isa = PBXFileReference; includeInIndex = 1; lastKnownFileType = text.xcconfig; name = "Pods-helloRxSwift.debug.xcconfig"; path = "Target Support Files/Pods-helloRxSwift/Pods-helloRxSwift.debug.xcconfig"; sourceTree = "<group>"; };
		DD6F1E052745623700B90E04 /* helloRxSwift.app */ = {isa = PBXFileReference; explicitFileType = wrapper.application; includeInIndex = 0; path = helloRxSwift.app; sourceTree = BUILT_PRODUCTS_DIR; };
		DD6F1E082745623700B90E04 /* AppDelegate.swift */ = {isa = PBXFileReference; lastKnownFileType = sourcecode.swift; path = AppDelegate.swift; sourceTree = "<group>"; };
		DD6F1E0A2745623700B90E04 /* SceneDelegate.swift */ = {isa = PBXFileReference; lastKnownFileType = sourcecode.swift; path = SceneDelegate.swift; sourceTree = "<group>"; };
		DD6F1E0C2745623700B90E04 /* ViewController.swift */ = {isa = PBXFileReference; lastKnownFileType = sourcecode.swift; path = ViewController.swift; sourceTree = "<group>"; };
		DD6F1E0F2745623700B90E04 /* Base */ = {isa = PBXFileReference; lastKnownFileType = file.storyboard; name = Base; path = Base.lproj/Main.storyboard; sourceTree = "<group>"; };
		DD6F1E112745623900B90E04 /* Assets.xcassets */ = {isa = PBXFileReference; lastKnownFileType = folder.assetcatalog; path = Assets.xcassets; sourceTree = "<group>"; };
		DD6F1E142745623900B90E04 /* Base */ = {isa = PBXFileReference; lastKnownFileType = file.storyboard; name = Base; path = Base.lproj/LaunchScreen.storyboard; sourceTree = "<group>"; };
		DD6F1E162745623900B90E04 /* Info.plist */ = {isa = PBXFileReference; lastKnownFileType = text.plist.xml; path = Info.plist; sourceTree = "<group>"; };
		DD6F1E1B2745623A00B90E04 /* helloRxSwiftTests.xctest */ = {isa = PBXFileReference; explicitFileType = wrapper.cfbundle; includeInIndex = 0; path = helloRxSwiftTests.xctest; sourceTree = BUILT_PRODUCTS_DIR; };
		DD6F1E1F2745623A00B90E04 /* helloRxSwiftTests.swift */ = {isa = PBXFileReference; lastKnownFileType = sourcecode.swift; path = helloRxSwiftTests.swift; sourceTree = "<group>"; };
		DD6F1E252745623A00B90E04 /* helloRxSwiftUITests.xctest */ = {isa = PBXFileReference; explicitFileType = wrapper.cfbundle; includeInIndex = 0; path = helloRxSwiftUITests.xctest; sourceTree = BUILT_PRODUCTS_DIR; };
		DD6F1E292745623A00B90E04 /* helloRxSwiftUITests.swift */ = {isa = PBXFileReference; lastKnownFileType = sourcecode.swift; path = helloRxSwiftUITests.swift; sourceTree = "<group>"; };
		EBF43E8DCFB0C4E32318077B /* Pods_helloRxSwiftTests.framework */ = {isa = PBXFileReference; explicitFileType = wrapper.framework; includeInIndex = 0; path = Pods_helloRxSwiftTests.framework; sourceTree = BUILT_PRODUCTS_DIR; };
		EBFA7C6CE9CA4A4684C5997B /* Pods-helloRxSwift.release.xcconfig */ = {isa = PBXFileReference; includeInIndex = 1; lastKnownFileType = text.xcconfig; name = "Pods-helloRxSwift.release.xcconfig"; path = "Target Support Files/Pods-helloRxSwift/Pods-helloRxSwift.release.xcconfig"; sourceTree = "<group>"; };
		FCE977F251AD43B7752035B9 /* Pods_helloRxSwift.framework */ = {isa = PBXFileReference; explicitFileType = wrapper.framework; includeInIndex = 0; path = Pods_helloRxSwift.framework; sourceTree = BUILT_PRODUCTS_DIR; };
		FDF8C5ECB2DCF49B065C564E /* Pods-helloRxSwift-helloRxSwiftUITests.release.xcconfig */ = {isa = PBXFileReference; includeInIndex = 1; lastKnownFileType = text.xcconfig; name = "Pods-helloRxSwift-helloRxSwiftUITests.release.xcconfig"; path = "Target Support Files/Pods-helloRxSwift-helloRxSwiftUITests/Pods-helloRxSwift-helloRxSwiftUITests.release.xcconfig"; sourceTree = "<group>"; };
/* End PBXFileReference section */

/* Begin PBXFrameworksBuildPhase section */
		DD6F1E022745623700B90E04 /* Frameworks */ = {
			isa = PBXFrameworksBuildPhase;
			buildActionMask = 2147483647;
			files = (
				5537E8EAD2F2981A749AF42B /* Pods_helloRxSwift.framework in Frameworks */,
			);
			runOnlyForDeploymentPostprocessing = 0;
		};
		DD6F1E182745623A00B90E04 /* Frameworks */ = {
			isa = PBXFrameworksBuildPhase;
			buildActionMask = 2147483647;
			files = (
				43F579FDBCE523B84E56C742 /* Pods_helloRxSwiftTests.framework in Frameworks */,
			);
			runOnlyForDeploymentPostprocessing = 0;
		};
		DD6F1E222745623A00B90E04 /* Frameworks */ = {
			isa = PBXFrameworksBuildPhase;
			buildActionMask = 2147483647;
			files = (
				8CCC53AAEDE2DA7A9B8E3552 /* Pods_helloRxSwift_helloRxSwiftUITests.framework in Frameworks */,
			);
			runOnlyForDeploymentPostprocessing = 0;
		};
/* End PBXFrameworksBuildPhase section */

/* Begin PBXGroup section */
		5419EBD7419CFEDF6785F42C /* Pods */ = {
			isa = PBXGroup;
			children = (
				DCA85190ABD11725CAA0ED39 /* Pods-helloRxSwift.debug.xcconfig */,
				EBFA7C6CE9CA4A4684C5997B /* Pods-helloRxSwift.release.xcconfig */,
				B1B4B19983987FB894A77FD7 /* Pods-helloRxSwift-helloRxSwiftUITests.debug.xcconfig */,
				FDF8C5ECB2DCF49B065C564E /* Pods-helloRxSwift-helloRxSwiftUITests.release.xcconfig */,
				0F44F3D41D08C4F60864CEE8 /* Pods-helloRxSwiftTests.debug.xcconfig */,
				C73F29AB9F5735D89ECB0D6C /* Pods-helloRxSwiftTests.release.xcconfig */,
			);
			name = Pods;
			path = Pods;
			sourceTree = "<group>";
		};
		72500E16DB543B7A5C27C134 /* Frameworks */ = {
			isa = PBXGroup;
			children = (
				FCE977F251AD43B7752035B9 /* Pods_helloRxSwift.framework */,
				7D05AB35AC15CCAAC279D56F /* Pods_helloRxSwift_helloRxSwiftUITests.framework */,
				EBF43E8DCFB0C4E32318077B /* Pods_helloRxSwiftTests.framework */,
			);
			name = Frameworks;
			sourceTree = "<group>";
		};
		DD6F1DFC2745623700B90E04 = {
			isa = PBXGroup;
			children = (
				DD6F1E072745623700B90E04 /* helloRxSwift */,
				DD6F1E1E2745623A00B90E04 /* helloRxSwiftTests */,
				DD6F1E282745623A00B90E04 /* helloRxSwiftUITests */,
				DD6F1E062745623700B90E04 /* Products */,
				5419EBD7419CFEDF6785F42C /* Pods */,
				72500E16DB543B7A5C27C134 /* Frameworks */,
			);
			sourceTree = "<group>";
		};
		DD6F1E062745623700B90E04 /* Products */ = {
			isa = PBXGroup;
			children = (
				DD6F1E052745623700B90E04 /* helloRxSwift.app */,
				DD6F1E1B2745623A00B90E04 /* helloRxSwiftTests.xctest */,
				DD6F1E252745623A00B90E04 /* helloRxSwiftUITests.xctest */,
			);
			name = Products;
			sourceTree = "<group>";
		};
		DD6F1E072745623700B90E04 /* helloRxSwift */ = {
			isa = PBXGroup;
			children = (
				DD6F1E082745623700B90E04 /* AppDelegate.swift */,
				DD6F1E0A2745623700B90E04 /* SceneDelegate.swift */,
				DD6F1E0C2745623700B90E04 /* ViewController.swift */,
				DD6F1E0E2745623700B90E04 /* Main.storyboard */,
				DD6F1E112745623900B90E04 /* Assets.xcassets */,
				DD6F1E132745623900B90E04 /* LaunchScreen.storyboard */,
				DD6F1E162745623900B90E04 /* Info.plist */,
			);
			path = helloRxSwift;
			sourceTree = "<group>";
		};
		DD6F1E1E2745623A00B90E04 /* helloRxSwiftTests */ = {
			isa = PBXGroup;
			children = (
				DD6F1E1F2745623A00B90E04 /* helloRxSwiftTests.swift */,
			);
			path = helloRxSwiftTests;
			sourceTree = "<group>";
		};
		DD6F1E282745623A00B90E04 /* helloRxSwiftUITests */ = {
			isa = PBXGroup;
			children = (
				DD6F1E292745623A00B90E04 /* helloRxSwiftUITests.swift */,
			);
			path = helloRxSwiftUITests;
			sourceTree = "<group>";
		};
/* End PBXGroup section */

/* Begin PBXNativeTarget section */
		DD6F1E042745623700B90E04 /* helloRxSwift */ = {
			isa = PBXNativeTarget;
			buildConfigurationList = DD6F1E2D2745623A00B90E04 /* Build configuration list for PBXNativeTarget "helloRxSwift" */;
			buildPhases = (
				DDFBBC9B19C86B736B04BAD4 /* [CP] Check Pods Manifest.lock */,
				DD6F1E012745623700B90E04 /* Sources */,
				DD6F1E022745623700B90E04 /* Frameworks */,
				DD6F1E032745623700B90E04 /* Resources */,
				3F2DA3C15F83DD04F04532B9 /* [CP] Embed Pods Frameworks */,
			);
			buildRules = (
			);
			dependencies = (
			);
			name = helloRxSwift;
			productName = helloRxSwift;
			productReference = DD6F1E052745623700B90E04 /* helloRxSwift.app */;
			productType = "com.apple.product-type.application";
		};
		DD6F1E1A2745623A00B90E04 /* helloRxSwiftTests */ = {
			isa = PBXNativeTarget;
			buildConfigurationList = DD6F1E302745623A00B90E04 /* Build configuration list for PBXNativeTarget "helloRxSwiftTests" */;
			buildPhases = (
				CBD3FCFF758546A962979471 /* [CP] Check Pods Manifest.lock */,
				DD6F1E172745623A00B90E04 /* Sources */,
				DD6F1E182745623A00B90E04 /* Frameworks */,
				DD6F1E192745623A00B90E04 /* Resources */,
			);
			buildRules = (
			);
			dependencies = (
				DD6F1E1D2745623A00B90E04 /* PBXTargetDependency */,
			);
			name = helloRxSwiftTests;
			productName = helloRxSwiftTests;
			productReference = DD6F1E1B2745623A00B90E04 /* helloRxSwiftTests.xctest */;
			productType = "com.apple.product-type.bundle.unit-test";
		};
		DD6F1E242745623A00B90E04 /* helloRxSwiftUITests */ = {
			isa = PBXNativeTarget;
			buildConfigurationList = DD6F1E332745623A00B90E04 /* Build configuration list for PBXNativeTarget "helloRxSwiftUITests" */;
			buildPhases = (
				9F38D2D19E6658BA17AB44C7 /* [CP] Check Pods Manifest.lock */,
				DD6F1E212745623A00B90E04 /* Sources */,
				DD6F1E222745623A00B90E04 /* Frameworks */,
				DD6F1E232745623A00B90E04 /* Resources */,
				2AA555627B7A274F600899D4 /* [CP] Embed Pods Frameworks */,
			);
			buildRules = (
			);
			dependencies = (
				DD6F1E272745623A00B90E04 /* PBXTargetDependency */,
			);
			name = helloRxSwiftUITests;
			productName = helloRxSwiftUITests;
			productReference = DD6F1E252745623A00B90E04 /* helloRxSwiftUITests.xctest */;
			productType = "com.apple.product-type.bundle.ui-testing";
		};
/* End PBXNativeTarget section */

/* Begin PBXProject section */
		DD6F1DFD2745623700B90E04 /* Project object */ = {
			isa = PBXProject;
			attributes = {
				BuildIndependentTargetsInParallel = 1;
				LastSwiftUpdateCheck = 1300;
				LastUpgradeCheck = 1300;
				TargetAttributes = {
					DD6F1E042745623700B90E04 = {
						CreatedOnToolsVersion = 13.0;
					};
					DD6F1E1A2745623A00B90E04 = {
						CreatedOnToolsVersion = 13.0;
						TestTargetID = DD6F1E042745623700B90E04;
					};
					DD6F1E242745623A00B90E04 = {
						CreatedOnToolsVersion = 13.0;
						TestTargetID = DD6F1E042745623700B90E04;
					};
				};
			};
			buildConfigurationList = DD6F1E002745623700B90E04 /* Build configuration list for PBXProject "helloRxSwift" */;
			compatibilityVersion = "Xcode 13.0";
			developmentRegion = en;
			hasScannedForEncodings = 0;
			knownRegions = (
				en,
				Base,
			);
			mainGroup = DD6F1DFC2745623700B90E04;
			productRefGroup = DD6F1E062745623700B90E04 /* Products */;
			projectDirPath = "";
			projectRoot = "";
			targets = (
				DD6F1E042745623700B90E04 /* helloRxSwift */,
				DD6F1E1A2745623A00B90E04 /* helloRxSwiftTests */,
				DD6F1E242745623A00B90E04 /* helloRxSwiftUITests */,
			);
		};
/* End PBXProject section */

/* Begin PBXResourcesBuildPhase section */
		DD6F1E032745623700B90E04 /* Resources */ = {
			isa = PBXResourcesBuildPhase;
			buildActionMask = 2147483647;
			files = (
				DD6F1E152745623900B90E04 /* LaunchScreen.storyboard in Resources */,
				DD6F1E122745623900B90E04 /* Assets.xcassets in Resources */,
				DD6F1E102745623700B90E04 /* Main.storyboard in Resources */,
			);
			runOnlyForDeploymentPostprocessing = 0;
		};
		DD6F1E192745623A00B90E04 /* Resources */ = {
			isa = PBXResourcesBuildPhase;
			buildActionMask = 2147483647;
			files = (
			);
			runOnlyForDeploymentPostprocessing = 0;
		};
		DD6F1E232745623A00B90E04 /* Resources */ = {
			isa = PBXResourcesBuildPhase;
			buildActionMask = 2147483647;
			files = (
			);
			runOnlyForDeploymentPostprocessing = 0;
		};
/* End PBXResourcesBuildPhase section */

/* Begin PBXShellScriptBuildPhase section */
		2AA555627B7A274F600899D4 /* [CP] Embed Pods Frameworks */ = {
			isa = PBXShellScriptBuildPhase;
			buildActionMask = 2147483647;
			files = (
			);
			inputFileListPaths = (
				"${PODS_ROOT}/Target Support Files/Pods-helloRxSwift-helloRxSwiftUITests/Pods-helloRxSwift-helloRxSwiftUITests-frameworks-${CONFIGURATION}-input-files.xcfilelist",
			);
			name = "[CP] Embed Pods Frameworks";
			outputFileListPaths = (
				"${PODS_ROOT}/Target Support Files/Pods-helloRxSwift-helloRxSwiftUITests/Pods-helloRxSwift-helloRxSwiftUITests-frameworks-${CONFIGURATION}-output-files.xcfilelist",
			);
			runOnlyForDeploymentPostprocessing = 0;
			shellPath = /bin/sh;
			shellScript = "\"${PODS_ROOT}/Target Support Files/Pods-helloRxSwift-helloRxSwiftUITests/Pods-helloRxSwift-helloRxSwiftUITests-frameworks.sh\"\n";
			showEnvVarsInLog = 0;
		};
		3F2DA3C15F83DD04F04532B9 /* [CP] Embed Pods Frameworks */ = {
			isa = PBXShellScriptBuildPhase;
			buildActionMask = 2147483647;
			files = (
			);
			inputFileListPaths = (
				"${PODS_ROOT}/Target Support Files/Pods-helloRxSwift/Pods-helloRxSwift-frameworks-${CONFIGURATION}-input-files.xcfilelist",
			);
			name = "[CP] Embed Pods Frameworks";
			outputFileListPaths = (
				"${PODS_ROOT}/Target Support Files/Pods-helloRxSwift/Pods-helloRxSwift-frameworks-${CONFIGURATION}-output-files.xcfilelist",
			);
			runOnlyForDeploymentPostprocessing = 0;
			shellPath = /bin/sh;
			shellScript = "\"${PODS_ROOT}/Target Support Files/Pods-helloRxSwift/Pods-helloRxSwift-frameworks.sh\"\n";
			showEnvVarsInLog = 0;
		};
		9F38D2D19E6658BA17AB44C7 /* [CP] Check Pods Manifest.lock */ = {
			isa = PBXShellScriptBuildPhase;
			buildActionMask = 2147483647;
			files = (
			);
			inputFileListPaths = (
			);
			inputPaths = (
				"${PODS_PODFILE_DIR_PATH}/Podfile.lock",
				"${PODS_ROOT}/Manifest.lock",
			);
			name = "[CP] Check Pods Manifest.lock";
			outputFileListPaths = (
			);
			outputPaths = (
				"$(DERIVED_FILE_DIR)/Pods-helloRxSwift-helloRxSwiftUITests-checkManifestLockResult.txt",
			);
			runOnlyForDeploymentPostprocessing = 0;
			shellPath = /bin/sh;
			shellScript = "diff \"${PODS_PODFILE_DIR_PATH}/Podfile.lock\" \"${PODS_ROOT}/Manifest.lock\" > /dev/null\nif [ $? != 0 ] ; then\n    # print error to STDERR\n    echo \"error: The sandbox is not in sync with the Podfile.lock. Run 'pod install' or update your CocoaPods installation.\" >&2\n    exit 1\nfi\n# This output is used by Xcode 'outputs' to avoid re-running this script phase.\necho \"SUCCESS\" > \"${SCRIPT_OUTPUT_FILE_0}\"\n";
			showEnvVarsInLog = 0;
		};
		CBD3FCFF758546A962979471 /* [CP] Check Pods Manifest.lock */ = {
			isa = PBXShellScriptBuildPhase;
			buildActionMask = 2147483647;
			files = (
			);
			inputFileListPaths = (
			);
			inputPaths = (
				"${PODS_PODFILE_DIR_PATH}/Podfile.lock",
				"${PODS_ROOT}/Manifest.lock",
			);
			name = "[CP] Check Pods Manifest.lock";
			outputFileListPaths = (
			);
			outputPaths = (
				"$(DERIVED_FILE_DIR)/Pods-helloRxSwiftTests-checkManifestLockResult.txt",
			);
			runOnlyForDeploymentPostprocessing = 0;
			shellPath = /bin/sh;
			shellScript = "diff \"${PODS_PODFILE_DIR_PATH}/Podfile.lock\" \"${PODS_ROOT}/Manifest.lock\" > /dev/null\nif [ $? != 0 ] ; then\n    # print error to STDERR\n    echo \"error: The sandbox is not in sync with the Podfile.lock. Run 'pod install' or update your CocoaPods installation.\" >&2\n    exit 1\nfi\n# This output is used by Xcode 'outputs' to avoid re-running this script phase.\necho \"SUCCESS\" > \"${SCRIPT_OUTPUT_FILE_0}\"\n";
			showEnvVarsInLog = 0;
		};
		DDFBBC9B19C86B736B04BAD4 /* [CP] Check Pods Manifest.lock */ = {
			isa = PBXShellScriptBuildPhase;
			buildActionMask = 2147483647;
			files = (
			);
			inputFileListPaths = (
			);
			inputPaths = (
				"${PODS_PODFILE_DIR_PATH}/Podfile.lock",
				"${PODS_ROOT}/Manifest.lock",
			);
			name = "[CP] Check Pods Manifest.lock";
			outputFileListPaths = (
			);
			outputPaths = (
				"$(DERIVED_FILE_DIR)/Pods-helloRxSwift-checkManifestLockResult.txt",
			);
			runOnlyForDeploymentPostprocessing = 0;
			shellPath = /bin/sh;
			shellScript = "diff \"${PODS_PODFILE_DIR_PATH}/Podfile.lock\" \"${PODS_ROOT}/Manifest.lock\" > /dev/null\nif [ $? != 0 ] ; then\n    # print error to STDERR\n    echo \"error: The sandbox is not in sync with the Podfile.lock. Run 'pod install' or update your CocoaPods installation.\" >&2\n    exit 1\nfi\n# This output is used by Xcode 'outputs' to avoid re-running this script phase.\necho \"SUCCESS\" > \"${SCRIPT_OUTPUT_FILE_0}\"\n";
			showEnvVarsInLog = 0;
		};
/* End PBXShellScriptBuildPhase section */

/* Begin PBXSourcesBuildPhase section */
		DD6F1E012745623700B90E04 /* Sources */ = {
			isa = PBXSourcesBuildPhase;
			buildActionMask = 2147483647;
			files = (
				DD6F1E0D2745623700B90E04 /* ViewController.swift in Sources */,
				DD6F1E092745623700B90E04 /* AppDelegate.swift in Sources */,
				DD6F1E0B2745623700B90E04 /* SceneDelegate.swift in Sources */,
			);
			runOnlyForDeploymentPostprocessing = 0;
		};
		DD6F1E172745623A00B90E04 /* Sources */ = {
			isa = PBXSourcesBuildPhase;
			buildActionMask = 2147483647;
			files = (
				DD6F1E202745623A00B90E04 /* helloRxSwiftTests.swift in Sources */,
			);
			runOnlyForDeploymentPostprocessing = 0;
		};
		DD6F1E212745623A00B90E04 /* Sources */ = {
			isa = PBXSourcesBuildPhase;
			buildActionMask = 2147483647;
			files = (
				DD6F1E2A2745623A00B90E04 /* helloRxSwiftUITests.swift in Sources */,
			);
			runOnlyForDeploymentPostprocessing = 0;
		};
/* End PBXSourcesBuildPhase section */

/* Begin PBXTargetDependency section */
		DD6F1E1D2745623A00B90E04 /* PBXTargetDependency */ = {
			isa = PBXTargetDependency;
			target = DD6F1E042745623700B90E04 /* helloRxSwift */;
			targetProxy = DD6F1E1C2745623A00B90E04 /* PBXContainerItemProxy */;
		};
		DD6F1E272745623A00B90E04 /* PBXTargetDependency */ = {
			isa = PBXTargetDependency;
			target = DD6F1E042745623700B90E04 /* helloRxSwift */;
			targetProxy = DD6F1E262745623A00B90E04 /* PBXContainerItemProxy */;
		};
/* End PBXTargetDependency section */

/* Begin PBXVariantGroup section */
		DD6F1E0E2745623700B90E04 /* Main.storyboard */ = {
			isa = PBXVariantGroup;
			children = (
				DD6F1E0F2745623700B90E04 /* Base */,
			);
			name = Main.storyboard;
			sourceTree = "<group>";
		};
		DD6F1E132745623900B90E04 /* LaunchScreen.storyboard */ = {
			isa = PBXVariantGroup;
			children = (
				DD6F1E142745623900B90E04 /* Base */,
			);
			name = LaunchScreen.storyboard;
			sourceTree = "<group>";
		};
/* End PBXVariantGroup section */

/* Begin XCBuildConfiguration section */
		DD6F1E2B2745623A00B90E04 /* Debug */ = {
			isa = XCBuildConfiguration;
			buildSettings = {
				ALWAYS_SEARCH_USER_PATHS = NO;
				CLANG_ANALYZER_NONNULL = YES;
				CLANG_ANALYZER_NUMBER_OBJECT_CONVERSION = YES_AGGRESSIVE;
				CLANG_CXX_LANGUAGE_STANDARD = "gnu++14";
				CLANG_CXX_LIBRARY = "libc++";
				CLANG_ENABLE_MODULES = YES;
				CLANG_ENABLE_OBJC_ARC = YES;
				CLANG_ENABLE_OBJC_WEAK = YES;
				CLANG_WARN_BLOCK_CAPTURE_AUTORELEASING = YES;
				CLANG_WARN_BOOL_CONVERSION = YES;
				CLANG_WARN_COMMA = YES;
				CLANG_WARN_CONSTANT_CONVERSION = YES;
				CLANG_WARN_DEPRECATED_OBJC_IMPLEMENTATIONS = YES;
				CLANG_WARN_DIRECT_OBJC_ISA_USAGE = YES_ERROR;
				CLANG_WARN_DOCUMENTATION_COMMENTS = YES;
				CLANG_WARN_EMPTY_BODY = YES;
				CLANG_WARN_ENUM_CONVERSION = YES;
				CLANG_WARN_INFINITE_RECURSION = YES;
				CLANG_WARN_INT_CONVERSION = YES;
				CLANG_WARN_NON_LITERAL_NULL_CONVERSION = YES;
				CLANG_WARN_OBJC_IMPLICIT_RETAIN_SELF = YES;
				CLANG_WARN_OBJC_LITERAL_CONVERSION = YES;
				CLANG_WARN_OBJC_ROOT_CLASS = YES_ERROR;
				CLANG_WARN_QUOTED_INCLUDE_IN_FRAMEWORK_HEADER = YES;
				CLANG_WARN_RANGE_LOOP_ANALYSIS = YES;
				CLANG_WARN_STRICT_PROTOTYPES = YES;
				CLANG_WARN_SUSPICIOUS_MOVE = YES;
				CLANG_WARN_UNGUARDED_AVAILABILITY = YES_AGGRESSIVE;
				CLANG_WARN_UNREACHABLE_CODE = YES;
				CLANG_WARN__DUPLICATE_METHOD_MATCH = YES;
				COPY_PHASE_STRIP = NO;
				DEBUG_INFORMATION_FORMAT = dwarf;
				ENABLE_STRICT_OBJC_MSGSEND = YES;
				ENABLE_TESTABILITY = YES;
				GCC_C_LANGUAGE_STANDARD = gnu11;
				GCC_DYNAMIC_NO_PIC = NO;
				GCC_NO_COMMON_BLOCKS = YES;
				GCC_OPTIMIZATION_LEVEL = 0;
				GCC_PREPROCESSOR_DEFINITIONS = (
					"DEBUG=1",
					"$(inherited)",
				);
				GCC_WARN_64_TO_32_BIT_CONVERSION = YES;
				GCC_WARN_ABOUT_RETURN_TYPE = YES_ERROR;
				GCC_WARN_UNDECLARED_SELECTOR = YES;
				GCC_WARN_UNINITIALIZED_AUTOS = YES_AGGRESSIVE;
				GCC_WARN_UNUSED_FUNCTION = YES;
				GCC_WARN_UNUSED_VARIABLE = YES;
				IPHONEOS_DEPLOYMENT_TARGET = 15.0;
				MTL_ENABLE_DEBUG_INFO = INCLUDE_SOURCE;
				MTL_FAST_MATH = YES;
				ONLY_ACTIVE_ARCH = YES;
				SDKROOT = iphoneos;
				SWIFT_ACTIVE_COMPILATION_CONDITIONS = DEBUG;
				SWIFT_OPTIMIZATION_LEVEL = "-Onone";
			};
			name = Debug;
		};
		DD6F1E2C2745623A00B90E04 /* Release */ = {
			isa = XCBuildConfiguration;
			buildSettings = {
				ALWAYS_SEARCH_USER_PATHS = NO;
				CLANG_ANALYZER_NONNULL = YES;
				CLANG_ANALYZER_NUMBER_OBJECT_CONVERSION = YES_AGGRESSIVE;
				CLANG_CXX_LANGUAGE_STANDARD = "gnu++14";
				CLANG_CXX_LIBRARY = "libc++";
				CLANG_ENABLE_MODULES = YES;
				CLANG_ENABLE_OBJC_ARC = YES;
				CLANG_ENABLE_OBJC_WEAK = YES;
				CLANG_WARN_BLOCK_CAPTURE_AUTORELEASING = YES;
				CLANG_WARN_BOOL_CONVERSION = YES;
				CLANG_WARN_COMMA = YES;
				CLANG_WARN_CONSTANT_CONVERSION = YES;
				CLANG_WARN_DEPRECATED_OBJC_IMPLEMENTATIONS = YES;
				CLANG_WARN_DIRECT_OBJC_ISA_USAGE = YES_ERROR;
				CLANG_WARN_DOCUMENTATION_COMMENTS = YES;
				CLANG_WARN_EMPTY_BODY = YES;
				CLANG_WARN_ENUM_CONVERSION = YES;
				CLANG_WARN_INFINITE_RECURSION = YES;
				CLANG_WARN_INT_CONVERSION = YES;
				CLANG_WARN_NON_LITERAL_NULL_CONVERSION = YES;
				CLANG_WARN_OBJC_IMPLICIT_RETAIN_SELF = YES;
				CLANG_WARN_OBJC_LITERAL_CONVERSION = YES;
				CLANG_WARN_OBJC_ROOT_CLASS = YES_ERROR;
				CLANG_WARN_QUOTED_INCLUDE_IN_FRAMEWORK_HEADER = YES;
				CLANG_WARN_RANGE_LOOP_ANALYSIS = YES;
				CLANG_WARN_STRICT_PROTOTYPES = YES;
				CLANG_WARN_SUSPICIOUS_MOVE = YES;
				CLANG_WARN_UNGUARDED_AVAILABILITY = YES_AGGRESSIVE;
				CLANG_WARN_UNREACHABLE_CODE = YES;
				CLANG_WARN__DUPLICATE_METHOD_MATCH = YES;
				COPY_PHASE_STRIP = NO;
				DEBUG_INFORMATION_FORMAT = "dwarf-with-dsym";
				ENABLE_NS_ASSERTIONS = NO;
				ENABLE_STRICT_OBJC_MSGSEND = YES;
				GCC_C_LANGUAGE_STANDARD = gnu11;
				GCC_NO_COMMON_BLOCKS = YES;
				GCC_WARN_64_TO_32_BIT_CONVERSION = YES;
				GCC_WARN_ABOUT_RETURN_TYPE = YES_ERROR;
				GCC_WARN_UNDECLARED_SELECTOR = YES;
				GCC_WARN_UNINITIALIZED_AUTOS = YES_AGGRESSIVE;
				GCC_WARN_UNUSED_FUNCTION = YES;
				GCC_WARN_UNUSED_VARIABLE = YES;
				IPHONEOS_DEPLOYMENT_TARGET = 15.0;
				MTL_ENABLE_DEBUG_INFO = NO;
				MTL_FAST_MATH = YES;
				SDKROOT = iphoneos;
				SWIFT_COMPILATION_MODE = wholemodule;
				SWIFT_OPTIMIZATION_LEVEL = "-O";
				VALIDATE_PRODUCT = YES;
			};
			name = Release;
		};
		DD6F1E2E2745623A00B90E04 /* Debug */ = {
			isa = XCBuildConfiguration;
			baseConfigurationReference = DCA85190ABD11725CAA0ED39 /* Pods-helloRxSwift.debug.xcconfig */;
			buildSettings = {
				ASSETCATALOG_COMPILER_APPICON_NAME = AppIcon;
				ASSETCATALOG_COMPILER_GLOBAL_ACCENT_COLOR_NAME = AccentColor;
				CODE_SIGN_STYLE = Automatic;
				CURRENT_PROJECT_VERSION = 1;
				DEVELOPMENT_TEAM = MZ2GHV2779;
				GENERATE_INFOPLIST_FILE = YES;
				INFOPLIST_FILE = helloRxSwift/Info.plist;
				INFOPLIST_KEY_UIApplicationSupportsIndirectInputEvents = YES;
				INFOPLIST_KEY_UILaunchStoryboardName = LaunchScreen;
				INFOPLIST_KEY_UIMainStoryboardFile = Main;
				INFOPLIST_KEY_UISupportedInterfaceOrientations_iPad = "UIInterfaceOrientationPortrait UIInterfaceOrientationPortraitUpsideDown UIInterfaceOrientationLandscapeLeft UIInterfaceOrientationLandscapeRight";
				INFOPLIST_KEY_UISupportedInterfaceOrientations_iPhone = "UIInterfaceOrientationPortrait UIInterfaceOrientationLandscapeLeft UIInterfaceOrientationLandscapeRight";
				LD_RUNPATH_SEARCH_PATHS = (
					"$(inherited)",
					"@executable_path/Frameworks",
				);
				MARKETING_VERSION = 1.0;
				PRODUCT_BUNDLE_IDENTIFIER = seedci.helloRxSwift;
				PRODUCT_NAME = "$(TARGET_NAME)";
				SWIFT_EMIT_LOC_STRINGS = YES;
				SWIFT_VERSION = 5.0;
				TARGETED_DEVICE_FAMILY = "1,2";
			};
			name = Debug;
		};
		DD6F1E2F2745623A00B90E04 /* Release */ = {
			isa = XCBuildConfiguration;
			baseConfigurationReference = EBFA7C6CE9CA4A4684C5997B /* Pods-helloRxSwift.release.xcconfig */;
			buildSettings = {
				ASSETCATALOG_COMPILER_APPICON_NAME = AppIcon;
				ASSETCATALOG_COMPILER_GLOBAL_ACCENT_COLOR_NAME = AccentColor;
				CODE_SIGN_STYLE = Automatic;
				CURRENT_PROJECT_VERSION = 1;
				DEVELOPMENT_TEAM = MZ2GHV2779;
				GENERATE_INFOPLIST_FILE = YES;
				INFOPLIST_FILE = helloRxSwift/Info.plist;
				INFOPLIST_KEY_UIApplicationSupportsIndirectInputEvents = YES;
				INFOPLIST_KEY_UILaunchStoryboardName = LaunchScreen;
				INFOPLIST_KEY_UIMainStoryboardFile = Main;
				INFOPLIST_KEY_UISupportedInterfaceOrientations_iPad = "UIInterfaceOrientationPortrait UIInterfaceOrientationPortraitUpsideDown UIInterfaceOrientationLandscapeLeft UIInterfaceOrientationLandscapeRight";
				INFOPLIST_KEY_UISupportedInterfaceOrientations_iPhone = "UIInterfaceOrientationPortrait UIInterfaceOrientationLandscapeLeft UIInterfaceOrientationLandscapeRight";
				LD_RUNPATH_SEARCH_PATHS = (
					"$(inherited)",
					"@executable_path/Frameworks",
				);
				MARKETING_VERSION = 1.0;
				PRODUCT_BUNDLE_IDENTIFIER = seedci.helloRxSwift;
				PRODUCT_NAME = "$(TARGET_NAME)";
				SWIFT_EMIT_LOC_STRINGS = YES;
				SWIFT_VERSION = 5.0;
				TARGETED_DEVICE_FAMILY = "1,2";
			};
			name = Release;
		};
		DD6F1E312745623A00B90E04 /* Debug */ = {
			isa = XCBuildConfiguration;
			baseConfigurationReference = 0F44F3D41D08C4F60864CEE8 /* Pods-helloRxSwiftTests.debug.xcconfig */;
			buildSettings = {
				ALWAYS_EMBED_SWIFT_STANDARD_LIBRARIES = YES;
				BUNDLE_LOADER = "$(TEST_HOST)";
				CODE_SIGN_STYLE = Automatic;
				CURRENT_PROJECT_VERSION = 1;
				DEVELOPMENT_TEAM = MZ2GHV2779;
				GENERATE_INFOPLIST_FILE = YES;
				IPHONEOS_DEPLOYMENT_TARGET = 15.0;
				LD_RUNPATH_SEARCH_PATHS = (
					"$(inherited)",
					"@executable_path/Frameworks",
					"@loader_path/Frameworks",
				);
				MARKETING_VERSION = 1.0;
				PRODUCT_BUNDLE_IDENTIFIER = seedci.helloRxSwiftTests;
				PRODUCT_NAME = "$(TARGET_NAME)";
				SWIFT_EMIT_LOC_STRINGS = NO;
				SWIFT_VERSION = 5.0;
				TARGETED_DEVICE_FAMILY = "1,2";
				TEST_HOST = "$(BUILT_PRODUCTS_DIR)/helloRxSwift.app/helloRxSwift";
			};
			name = Debug;
		};
		DD6F1E322745623A00B90E04 /* Release */ = {
			isa = XCBuildConfiguration;
			baseConfigurationReference = C73F29AB9F5735D89ECB0D6C /* Pods-helloRxSwiftTests.release.xcconfig */;
			buildSettings = {
				ALWAYS_EMBED_SWIFT_STANDARD_LIBRARIES = YES;
				BUNDLE_LOADER = "$(TEST_HOST)";
				CODE_SIGN_STYLE = Automatic;
				CURRENT_PROJECT_VERSION = 1;
				DEVELOPMENT_TEAM = MZ2GHV2779;
				GENERATE_INFOPLIST_FILE = YES;
				IPHONEOS_DEPLOYMENT_TARGET = 15.0;
				LD_RUNPATH_SEARCH_PATHS = (
					"$(inherited)",
					"@executable_path/Frameworks",
					"@loader_path/Frameworks",
				);
				MARKETING_VERSION = 1.0;
				PRODUCT_BUNDLE_IDENTIFIER = seedci.helloRxSwiftTests;
				PRODUCT_NAME = "$(TARGET_NAME)";
				SWIFT_EMIT_LOC_STRINGS = NO;
				SWIFT_VERSION = 5.0;
				TARGETED_DEVICE_FAMILY = "1,2";
				TEST_HOST = "$(BUILT_PRODUCTS_DIR)/helloRxSwift.app/helloRxSwift";
			};
			name = Release;
		};
		DD6F1E342745623A00B90E04 /* Debug */ = {
			isa = XCBuildConfiguration;
			baseConfigurationReference = B1B4B19983987FB894A77FD7 /* Pods-helloRxSwift-helloRxSwiftUITests.debug.xcconfig */;
			buildSettings = {
				ALWAYS_EMBED_SWIFT_STANDARD_LIBRARIES = YES;
				CODE_SIGN_STYLE = Automatic;
				CURRENT_PROJECT_VERSION = 1;
				DEVELOPMENT_TEAM = MZ2GHV2779;
				GENERATE_INFOPLIST_FILE = YES;
				LD_RUNPATH_SEARCH_PATHS = (
					"$(inherited)",
					"@executable_path/Frameworks",
					"@loader_path/Frameworks",
				);
				MARKETING_VERSION = 1.0;
				PRODUCT_BUNDLE_IDENTIFIER = seedci.helloRxSwiftUITests;
				PRODUCT_NAME = "$(TARGET_NAME)";
				SWIFT_EMIT_LOC_STRINGS = NO;
				SWIFT_VERSION = 5.0;
				TARGETED_DEVICE_FAMILY = "1,2";
				TEST_TARGET_NAME = helloRxSwift;
			};
			name = Debug;
		};
		DD6F1E352745623A00B90E04 /* Release */ = {
			isa = XCBuildConfiguration;
			baseConfigurationReference = FDF8C5ECB2DCF49B065C564E /* Pods-helloRxSwift-helloRxSwiftUITests.release.xcconfig */;
			buildSettings = {
				ALWAYS_EMBED_SWIFT_STANDARD_LIBRARIES = YES;
				CODE_SIGN_STYLE = Automatic;
				CURRENT_PROJECT_VERSION = 1;
				DEVELOPMENT_TEAM = MZ2GHV2779;
				GENERATE_INFOPLIST_FILE = YES;
				LD_RUNPATH_SEARCH_PATHS = (
					"$(inherited)",
					"@executable_path/Frameworks",
					"@loader_path/Frameworks",
				);
				MARKETING_VERSION = 1.0;
				PRODUCT_BUNDLE_IDENTIFIER = seedci.helloRxSwiftUITests;
				PRODUCT_NAME = "$(TARGET_NAME)";
				SWIFT_EMIT_LOC_STRINGS = NO;
				SWIFT_VERSION = 5.0;
				TARGETED_DEVICE_FAMILY = "1,2";
				TEST_TARGET_NAME = helloRxSwift;
			};
			name = Release;
		};
/* End XCBuildConfiguration section */

/* Begin XCConfigurationList section */
		DD6F1E002745623700B90E04 /* Build configuration list for PBXProject "helloRxSwift" */ = {
			isa = XCConfigurationList;
			buildConfigurations = (
				DD6F1E2B2745623A00B90E04 /* Debug */,
				DD6F1E2C2745623A00B90E04 /* Release */,
			);
			defaultConfigurationIsVisible = 0;
			defaultConfigurationName = Release;
		};
		DD6F1E2D2745623A00B90E04 /* Build configuration list for PBXNativeTarget "helloRxSwift" */ = {
			isa = XCConfigurationList;
			buildConfigurations = (
				DD6F1E2E2745623A00B90E04 /* Debug */,
				DD6F1E2F2745623A00B90E04 /* Release */,
			);
			defaultConfigurationIsVisible = 0;
			defaultConfigurationName = Release;
		};
		DD6F1E302745623A00B90E04 /* Build configuration list for PBXNativeTarget "helloRxSwiftTests" */ = {
			isa = XCConfigurationList;
			buildConfigurations = (
				DD6F1E312745623A00B90E04 /* Debug */,
				DD6F1E322745623A00B90E04 /* Release */,
			);
			defaultConfigurationIsVisible = 0;
			defaultConfigurationName = Release;
		};
		DD6F1E332745623A00B90E04 /* Build configuration list for PBXNativeTarget "helloRxSwiftUITests" */ = {
			isa = XCConfigurationList;
			buildConfigurations = (
				DD6F1E342745623A00B90E04 /* Debug */,
				DD6F1E352745623A00B90E04 /* Release */,
			);
			defaultConfigurationIsVisible = 0;
			defaultConfigurationName = Release;
		};
/* End XCConfigurationList section */
	};
	rootObject = DD6F1DFD2745623700B90E04 /* Project object */;
}
